
Microsoft Visual Studio Solution File, Format Version 12.00
# Visual Studio 15
VisualStudioVersion = 15.0.28306.52
MinimumVisualStudioVersion = 10.0.40219.1
Project("{FAE04EC0-301F-11D3-BF4B-00C04F79EFBC}") = "Week11", "Week11\Week11.csproj", "{E9825821-484E-4D55-BD03-D27D7609977B}"
EndProject
Global
	GlobalSection(SolutionConfigurationPlatforms) = preSolution
		Debug|Any CPU = Debug|Any CPU
		Release|Any CPU = Release|Any CPU
	EndGlobalSection
	GlobalSection(ProjectConfigurationPlatforms) = postSolution
		{E9825821-484E-4D55-BD03-D27D7609977B}.Debug|Any CPU.ActiveCfg = Debug|Any CPU
		{E9825821-484E-4D55-BD03-D27D7609977B}.Debug|Any CPU.Build.0 = Debug|Any CPU
		{E9825821-484E-4D55-BD03-D27D7609977B}.Release|Any CPU.ActiveCfg = Release|Any CPU
		{E9825821-484E-4D55-BD03-D27D7609977B}.Release|Any CPU.Build.0 = Release|Any CPU
	EndGlobalSection
	GlobalSection(SolutionProperties) = preSolution
		HideSolutionNode = FALSE
	EndGlobalSection
	GlobalSection(ExtensibilityGlobals) = postSolution
		SolutionGuid = {FBBF27C2-ED11-4C99-9C8A-B26583490765}
	EndGlobalSection
EndGlobal
